{
    "name": "cdk-website-basic-example",
    "version": "2022.1.0",
    "lockfileVersion": 2,
    "requires": true,
    "packages": {
        "": {
            "name": "cdk-website-basic-example",
            "version": "2022.1.0",
            "devDependencies": {
                "@symphoniacloud/cdk-website": "0.x",
                "@tsconfig/node16": "1.x",
                "@types/node": "^16.x",
                "aws-cdk": "2.x",
                "aws-cdk-lib": "2.x",
                "constructs": "10.x",
                "typescript": "4.x"
            }
        },
        "node_modules/@symphoniacloud/cdk-website": {
            "version": "0.0.3",
            "resolved": "https://registry.npmjs.org/@symphoniacloud/cdk-website/-/cdk-website-0.0.3.tgz",
            "integrity": "sha512-WVSEp28Ur21qMwPh3R9KdX1xknN8YROtQNUrze0LPXdaXTykv8jqPbmCeDRCStWP6PPFdkpnyZYYhzC8kkgVjA==",
            "dev": true,
            "peerDependencies": {
                "aws-cdk-lib": "^2.30.0",
                "constructs": "^10.0.5"
            }
        },
        "node_modules/@tsconfig/node16": {
            "version": "1.0.3",
            "resolved": "https://registry.npmjs.org/@tsconfig/node16/-/node16-1.0.3.tgz",
            "integrity": "sha512-yOlFc+7UtL/89t2ZhjPvvB/DeAr3r+Dq58IgzsFkOAvVC6NMJXmCGjbptdXdR9qsX7pKcTL+s87FtYREi2dEEQ==",
            "dev": true
        },
        "node_modules/@types/node": {
            "version": "16.11.46",
            "resolved": "https://registry.npmjs.org/@types/node/-/node-16.11.46.tgz",
            "integrity": "sha512-x+sfpb2dMrhCQPL4NAGs64Z9hh0t72aP0dg+PuZidmPr/0Gj5ELQTjD/t46dq3DF/8ZvSHOaIyDIbAsdPshyVQ==",
            "dev": true
        },
        "node_modules/aws-cdk": {
            "version": "2.33.0",
            "resolved": "https://registry.npmjs.org/aws-cdk/-/aws-cdk-2.33.0.tgz",
            "integrity": "sha512-pwqqXzdkyBraKARdyZ6OqMIbEHlnM0x5LJ08zFYQGcrC+jk/e3Y3XWGJrapC6sAKNwQNF78dcJbTSNBjjLXMdQ==",
            "dev": true,
            "bin": {
                "cdk": "bin/cdk"
            },
            "engines": {
                "node": ">= 14.15.0"
            },
            "optionalDependencies": {
                "fsevents": "2.3.2"
            }
        },
        "node_modules/aws-cdk-lib": {
            "version": "2.33.0",
            "resolved": "https://registry.npmjs.org/aws-cdk-lib/-/aws-cdk-lib-2.33.0.tgz",
            "integrity": "sha512-+aV6+P3RROFndkw9/mtXCciL1RL2tHssju6kgwmml0XIqcnjJ8qyCR23fE8MEq49Q+6dQ8sBN2HtrdKHw/sgnw==",
            "bundleDependencies": [
                "@balena/dockerignore",
                "case",
                "fs-extra",
                "ignore",
                "jsonschema",
                "minimatch",
                "punycode",
                "semver",
                "yaml"
            ],
            "dev": true,
            "dependencies": {
                "@balena/dockerignore": "^1.0.2",
                "case": "1.6.3",
                "fs-extra": "^9.1.0",
                "ignore": "^5.2.0",
                "jsonschema": "^1.4.1",
                "minimatch": "^3.1.2",
                "punycode": "^2.1.1",
                "semver": "^7.3.7",
                "yaml": "1.10.2"
            },
            "engines": {
                "node": ">= 14.15.0"
            },
            "peerDependencies": {
                "constructs": "^10.0.0"
            }
        },
        "node_modules/aws-cdk-lib/node_modules/@balena/dockerignore": {
            "version": "1.0.2",
            "dev": true,
            "inBundle": true,
            "license": "Apache-2.0"
        },
        "node_modules/aws-cdk-lib/node_modules/at-least-node": {
            "version": "1.0.0",
            "dev": true,
            "inBundle": true,
            "license": "ISC",
            "engines": {
                "node": ">= 4.0.0"
            }
        },
        "node_modules/aws-cdk-lib/node_modules/balanced-match": {
            "version": "1.0.2",
            "dev": true,
            "inBundle": true,
            "license": "MIT"
        },
        "node_modules/aws-cdk-lib/node_modules/brace-expansion": {
            "version": "1.1.11",
            "dev": true,
            "inBundle": true,
            "license": "MIT",
            "dependencies": {
                "balanced-match": "^1.0.0",
                "concat-map": "0.0.1"
            }
        },
        "node_modules/aws-cdk-lib/node_modules/case": {
            "version": "1.6.3",
            "dev": true,
            "inBundle": true,
            "license": "(MIT OR GPL-3.0-or-later)",
            "engines": {
                "node": ">= 0.8.0"
            }
        },
        "node_modules/aws-cdk-lib/node_modules/concat-map": {
            "version": "0.0.1",
            "dev": true,
            "inBundle": true,
            "license": "MIT"
        },
        "node_modules/aws-cdk-lib/node_modules/fs-extra": {
            "version": "9.1.0",
            "dev": true,
            "inBundle": true,
            "license": "MIT",
            "dependencies": {
                "at-least-node": "^1.0.0",
                "graceful-fs": "^4.2.0",
                "jsonfile": "^6.0.1",
                "universalify": "^2.0.0"
            },
            "engines": {
                "node": ">=10"
            }
        },
        "node_modules/aws-cdk-lib/node_modules/graceful-fs": {
            "version": "4.2.10",
            "dev": true,
            "inBundle": true,
            "license": "ISC"
        },
        "node_modules/aws-cdk-lib/node_modules/ignore": {
            "version": "5.2.0",
            "dev": true,
            "inBundle": true,
            "license": "MIT",
            "engines": {
                "node": ">= 4"
            }
        },
        "node_modules/aws-cdk-lib/node_modules/jsonfile": {
            "version": "6.1.0",
            "dev": true,
            "inBundle": true,
            "license": "MIT",
            "dependencies": {
                "universalify": "^2.0.0"
            },
            "optionalDependencies": {
                "graceful-fs": "^4.1.6"
            }
        },
        "node_modules/aws-cdk-lib/node_modules/jsonschema": {
            "version": "1.4.1",
            "dev": true,
            "inBundle": true,
            "license": "MIT",
            "engines": {
                "node": "*"
            }
        },
        "node_modules/aws-cdk-lib/node_modules/lru-cache": {
            "version": "6.0.0",
            "dev": true,
            "inBundle": true,
            "license": "ISC",
            "dependencies": {
                "yallist": "^4.0.0"
            },
            "engines": {
                "node": ">=10"
            }
        },
        "node_modules/aws-cdk-lib/node_modules/minimatch": {
            "version": "3.1.2",
            "dev": true,
            "inBundle": true,
            "license": "ISC",
            "dependencies": {
                "brace-expansion": "^1.1.7"
            },
            "engines": {
                "node": "*"
            }
        },
        "node_modules/aws-cdk-lib/node_modules/punycode": {
            "version": "2.1.1",
            "dev": true,
            "inBundle": true,
            "license": "MIT",
            "engines": {
                "node": ">=6"
            }
        },
        "node_modules/aws-cdk-lib/node_modules/semver": {
            "version": "7.3.7",
            "dev": true,
            "inBundle": true,
            "license": "ISC",
            "dependencies": {
                "lru-cache": "^6.0.0"
            },
            "bin": {
                "semver": "bin/semver.js"
            },
            "engines": {
                "node": ">=10"
            }
        },
        "node_modules/aws-cdk-lib/node_modules/universalify": {
            "version": "2.0.0",
            "dev": true,
            "inBundle": true,
            "license": "MIT",
            "engines": {
                "node": ">= 10.0.0"
            }
        },
        "node_modules/aws-cdk-lib/node_modules/yallist": {
            "version": "4.0.0",
            "dev": true,
            "inBundle": true,
            "license": "ISC"
        },
        "node_modules/aws-cdk-lib/node_modules/yaml": {
            "version": "1.10.2",
            "dev": true,
            "inBundle": true,
            "license": "ISC",
            "engines": {
                "node": ">= 6"
            }
        },
        "node_modules/constructs": {
            "version": "10.1.59",
            "resolved": "https://registry.npmjs.org/constructs/-/constructs-10.1.59.tgz",
            "integrity": "sha512-dzU21oJthIjjFmEm07Mew1CNRseHrdIufbIEBSqa9x5qPtrqEJHl5Z8XstrPrb4jDQAJ8qwzG/XcOEAjOIwIrw==",
            "dev": true,
            "engines": {
                "node": ">= 14.17.0"
            }
        },
        "node_modules/fsevents": {
            "version": "2.3.2",
            "resolved": "https://registry.npmjs.org/fsevents/-/fsevents-2.3.2.tgz",
            "integrity": "sha512-xiqMQR4xAeHTuB9uWm+fFRcIOgKBMiOBP+eXiyT7jsgVCq1bkVygt00oASowB7EdtpOHaaPgKt812P9ab+DDKA==",
            "dev": true,
            "hasInstallScript": true,
            "optional": true,
            "os": [
                "darwin"
            ],
            "engines": {
                "node": "^8.16.0 || ^10.6.0 || >=11.0.0"
            }
        },
        "node_modules/typescript": {
            "version": "4.7.4",
            "resolved": "https://registry.npmjs.org/typescript/-/typescript-4.7.4.tgz",
            "integrity": "sha512-C0WQT0gezHuw6AdY1M2jxUO83Rjf0HP7Sk1DtXj6j1EwkQNZrHAg2XPWlq62oqEhYvONq5pkC2Y9oPljWToLmQ==",
            "dev": true,
            "bin": {
                "tsc": "bin/tsc",
                "tsserver": "bin/tsserver"
            },
            "engines": {
                "node": ">=4.2.0"
            }
        }
    },
    "dependencies": {
        "@symphoniacloud/cdk-website": {
            "version": "0.0.3",
            "resolved": "https://registry.npmjs.org/@symphoniacloud/cdk-website/-/cdk-website-0.0.3.tgz",
            "integrity": "sha512-WVSEp28Ur21qMwPh3R9KdX1xknN8YROtQNUrze0LPXdaXTykv8jqPbmCeDRCStWP6PPFdkpnyZYYhzC8kkgVjA==",
            "dev": true,
            "requires": {}
        },
        "@tsconfig/node16": {
            "version": "1.0.3",
            "resolved": "https://registry.npmjs.org/@tsconfig/node16/-/node16-1.0.3.tgz",
            "integrity": "sha512-yOlFc+7UtL/89t2ZhjPvvB/DeAr3r+Dq58IgzsFkOAvVC6NMJXmCGjbptdXdR9qsX7pKcTL+s87FtYREi2dEEQ==",
            "dev": true
        },
        "@types/node": {
            "version": "16.11.46",
            "resolved": "https://registry.npmjs.org/@types/node/-/node-16.11.46.tgz",
            "integrity": "sha512-x+sfpb2dMrhCQPL4NAGs64Z9hh0t72aP0dg+PuZidmPr/0Gj5ELQTjD/t46dq3DF/8ZvSHOaIyDIbAsdPshyVQ==",
            "dev": true
        },
        "aws-cdk": {
            "version": "2.33.0",
            "resolved": "https://registry.npmjs.org/aws-cdk/-/aws-cdk-2.33.0.tgz",
            "integrity": "sha512-pwqqXzdkyBraKARdyZ6OqMIbEHlnM0x5LJ08zFYQGcrC+jk/e3Y3XWGJrapC6sAKNwQNF78dcJbTSNBjjLXMdQ==",
            "dev": true,
            "requires": {
                "fsevents": "2.3.2"
            }
        },
        "aws-cdk-lib": {
            "version": "2.33.0",
            "resolved": "https://registry.npmjs.org/aws-cdk-lib/-/aws-cdk-lib-2.33.0.tgz",
            "integrity": "sha512-+aV6+P3RROFndkw9/mtXCciL1RL2tHssju6kgwmml0XIqcnjJ8qyCR23fE8MEq49Q+6dQ8sBN2HtrdKHw/sgnw==",
            "dev": true,
            "requires": {
                "@balena/dockerignore": "^1.0.2",
                "case": "1.6.3",
                "fs-extra": "^9.1.0",
                "ignore": "^5.2.0",
                "jsonschema": "^1.4.1",
                "minimatch": "^3.1.2",
                "punycode": "^2.1.1",
                "semver": "^7.3.7",
                "yaml": "1.10.2"
            },
            "dependencies": {
                "@balena/dockerignore": {
                    "version": "1.0.2",
                    "bundled": true,
                    "dev": true
                },
                "at-least-node": {
                    "version": "1.0.0",
                    "bundled": true,
                    "dev": true
                },
                "balanced-match": {
                    "version": "1.0.2",
                    "bundled": true,
                    "dev": true
                },
                "brace-expansion": {
                    "version": "1.1.11",
                    "bundled": true,
                    "dev": true,
                    "requires": {
                        "balanced-match": "^1.0.0",
                        "concat-map": "0.0.1"
                    }
                },
                "case": {
                    "version": "1.6.3",
                    "bundled": true,
                    "dev": true
                },
                "concat-map": {
                    "version": "0.0.1",
                    "bundled": true,
                    "dev": true
                },
                "fs-extra": {
                    "version": "9.1.0",
                    "bundled": true,
                    "dev": true,
                    "requires": {
                        "at-least-node": "^1.0.0",
                        "graceful-fs": "^4.2.0",
                        "jsonfile": "^6.0.1",
                        "universalify": "^2.0.0"
                    }
                },
                "graceful-fs": {
                    "version": "4.2.10",
                    "bundled": true,
                    "dev": true
                },
                "ignore": {
                    "version": "5.2.0",
                    "bundled": true,
                    "dev": true
                },
                "jsonfile": {
                    "version": "6.1.0",
                    "bundled": true,
                    "dev": true,
                    "requires": {
                        "graceful-fs": "^4.1.6",
                        "universalify": "^2.0.0"
                    }
                },
                "jsonschema": {
                    "version": "1.4.1",
                    "bundled": true,
                    "dev": true
                },
                "lru-cache": {
                    "version": "6.0.0",
                    "bundled": true,
                    "dev": true,
                    "requires": {
                        "yallist": "^4.0.0"
                    }
                },
                "minimatch": {
                    "version": "3.1.2",
                    "bundled": true,
                    "dev": true,
                    "requires": {
                        "brace-expansion": "^1.1.7"
                    }
                },
                "punycode": {
                    "version": "2.1.1",
                    "bundled": true,
                    "dev": true
                },
                "semver": {
                    "version": "7.3.7",
                    "bundled": true,
                    "dev": true,
                    "requires": {
                        "lru-cache": "^6.0.0"
                    }
                },
                "universalify": {
                    "version": "2.0.0",
                    "bundled": true,
                    "dev": true
                },
                "yallist": {
                    "version": "4.0.0",
                    "bundled": true,
                    "dev": true
                },
                "yaml": {
                    "version": "1.10.2",
                    "bundled": true,
                    "dev": true
                }
            }
        },
        "constructs": {
            "version": "10.1.59",
            "resolved": "https://registry.npmjs.org/constructs/-/constructs-10.1.59.tgz",
            "integrity": "sha512-dzU21oJthIjjFmEm07Mew1CNRseHrdIufbIEBSqa9x5qPtrqEJHl5Z8XstrPrb4jDQAJ8qwzG/XcOEAjOIwIrw==",
            "dev": true
        },
        "fsevents": {
            "version": "2.3.2",
            "resolved": "https://registry.npmjs.org/fsevents/-/fsevents-2.3.2.tgz",
            "integrity": "sha512-xiqMQR4xAeHTuB9uWm+fFRcIOgKBMiOBP+eXiyT7jsgVCq1bkVygt00oASowB7EdtpOHaaPgKt812P9ab+DDKA==",
            "dev": true,
            "optional": true
        },
        "typescript": {
            "version": "4.7.4",
            "resolved": "https://registry.npmjs.org/typescript/-/typescript-4.7.4.tgz",
            "integrity": "sha512-C0WQT0gezHuw6AdY1M2jxUO83Rjf0HP7Sk1DtXj6j1EwkQNZrHAg2XPWlq62oqEhYvONq5pkC2Y9oPljWToLmQ==",
            "dev": true
        }
    }
}
